
Microsoft Visual Studio Solution File, Format Version 12.00
# Visual Studio Version 17
VisualStudioVersion = 17.6.33723.286
MinimumVisualStudioVersion = 10.0.40219.1
Project("{FAE04EC0-301F-11D3-BF4B-00C04F79EFBC}") = "DVLD", "DVLD\DVLD.csproj", "{24118778-85B9-4C16-9913-384FFFF34F63}"
EndProject
Project("{FAE04EC0-301F-11D3-BF4B-00C04F79EFBC}") = "DVLD_Buisness", "DVLD_Buisness\DVLD_Buisness.csproj", "{8396D281-9E6B-4E59-B756-D5DC3C09C9B5}"
EndProject
Project("{FAE04EC0-301F-11D3-BF4B-00C04F79EFBC}") = "DVLD_DataAccess", "DVLD_DataAccess\DVLD_DataAccess.csproj", "{B808CE7A-F126-4938-8179-3FB3C6A945B7}"
EndProject
Global
	GlobalSection(SolutionConfigurationPlatforms) = preSolution
		Debug|Any CPU = Debug|Any CPU
		Release|Any CPU = Release|Any CPU
	EndGlobalSection
	GlobalSection(ProjectConfigurationPlatforms) = postSolution
		{24118778-85B9-4C16-9913-384FFFF34F63}.Debug|Any CPU.ActiveCfg = Debug|Any CPU
		{24118778-85B9-4C16-9913-384FFFF34F63}.Debug|Any CPU.Build.0 = Debug|Any CPU
		{24118778-85B9-4C16-9913-384FFFF34F63}.Release|Any CPU.ActiveCfg = Release|Any CPU
		{24118778-85B9-4C16-9913-384FFFF34F63}.Release|Any CPU.Build.0 = Release|Any CPU
		{8396D281-9E6B-4E59-B756-D5DC3C09C9B5}.Debug|Any CPU.ActiveCfg = Debug|Any CPU
		{8396D281-9E6B-4E59-B756-D5DC3C09C9B5}.Debug|Any CPU.Build.0 = Debug|Any CPU
		{8396D281-9E6B-4E59-B756-D5DC3C09C9B5}.Release|Any CPU.ActiveCfg = Release|Any CPU
		{8396D281-9E6B-4E59-B756-D5DC3C09C9B5}.Release|Any CPU.Build.0 = Release|Any CPU
		{B808CE7A-F126-4938-8179-3FB3C6A945B7}.Debug|Any CPU.ActiveCfg = Debug|Any CPU
		{B808CE7A-F126-4938-8179-3FB3C6A945B7}.Debug|Any CPU.Build.0 = Debug|Any CPU
		{B808CE7A-F126-4938-8179-3FB3C6A945B7}.Release|Any CPU.ActiveCfg = Release|Any CPU
		{B808CE7A-F126-4938-8179-3FB3C6A945B7}.Release|Any CPU.Build.0 = Release|Any CPU
	EndGlobalSection
	GlobalSection(SolutionProperties) = preSolution
		HideSolutionNode = FALSE
	EndGlobalSection
	GlobalSection(ExtensibilityGlobals) = postSolution
		SolutionGuid = {1E1C7B87-BFCD-4FB7-AA2B-0F874CFB556A}
	EndGlobalSection
EndGlobal
